// !$*UTF8*$!
{
	archiveVersion = 1;
	classes = {
	};
	objectVersion = 46;
	objects = {

/* Begin PBXBuildFile section */
		AC478D6FC8E66A49116B8FBE /* libPods.a in Frameworks */ = {isa = PBXBuildFile; fileRef = DD0F2BF7B1EF754C407EF799 /* libPods.a */; };
		CE0689E61A873A3B00D69CFC /* bg.png in Resources */ = {isa = PBXBuildFile; fileRef = CE0689E31A873A3B00D69CFC /* bg.png */; };
		CE0689E71A873A3B00D69CFC /* logo.png in Resources */ = {isa = PBXBuildFile; fileRef = CE0689E41A873A3B00D69CFC /* logo.png */; };
		CE0689E81A873A3B00D69CFC /* vintage-tan-paper-texture.jpg in Resources */ = {isa = PBXBuildFile; fileRef = CE0689E51A873A3B00D69CFC /* vintage-tan-paper-texture.jpg */; };
		CE0689FF1A873A5B00D69CFC /* Komika Axis.ttf in Resources */ = {isa = PBXBuildFile; fileRef = CE0689E91A873A5B00D69CFC /* Komika Axis.ttf */; };
		CE068A001A873A5B00D69CFC /* Lato-Black.ttf in Resources */ = {isa = PBXBuildFile; fileRef = CE0689EB1A873A5B00D69CFC /* Lato-Black.ttf */; };
		CE068A011A873A5B00D69CFC /* Lato-BlackItalic.ttf in Resources */ = {isa = PBXBuildFile; fileRef = CE0689EC1A873A5B00D69CFC /* Lato-BlackItalic.ttf */; };
		CE068A021A873A5B00D69CFC /* Lato-Bold.ttf in Resources */ = {isa = PBXBuildFile; fileRef = CE0689ED1A873A5B00D69CFC /* Lato-Bold.ttf */; };
		CE068A031A873A5B00D69CFC /* Lato-BoldItalic.ttf in Resources */ = {isa = PBXBuildFile; fileRef = CE0689EE1A873A5B00D69CFC /* Lato-BoldItalic.ttf */; };
		CE068A041A873A5B00D69CFC /* Lato-Hairline.ttf in Resources */ = {isa = PBXBuildFile; fileRef = CE0689EF1A873A5B00D69CFC /* Lato-Hairline.ttf */; };
		CE068A051A873A5B00D69CFC /* Lato-HairlineItalic.ttf in Resources */ = {isa = PBXBuildFile; fileRef = CE0689F01A873A5B00D69CFC /* Lato-HairlineItalic.ttf */; };
		CE068A061A873A5B00D69CFC /* Lato-Heavy.ttf in Resources */ = {isa = PBXBuildFile; fileRef = CE0689F11A873A5B00D69CFC /* Lato-Heavy.ttf */; };
		CE068A071A873A5B00D69CFC /* Lato-HeavyItalic.ttf in Resources */ = {isa = PBXBuildFile; fileRef = CE0689F21A873A5B00D69CFC /* Lato-HeavyItalic.ttf */; };
		CE068A081A873A5B00D69CFC /* Lato-Italic.ttf in Resources */ = {isa = PBXBuildFile; fileRef = CE0689F31A873A5B00D69CFC /* Lato-Italic.ttf */; };
		CE068A091A873A5B00D69CFC /* Lato-Light.ttf in Resources */ = {isa = PBXBuildFile; fileRef = CE0689F41A873A5B00D69CFC /* Lato-Light.ttf */; };
		CE068A0A1A873A5B00D69CFC /* Lato-LightItalic.ttf in Resources */ = {isa = PBXBuildFile; fileRef = CE0689F51A873A5B00D69CFC /* Lato-LightItalic.ttf */; };
		CE068A0B1A873A5B00D69CFC /* Lato-Medium.ttf in Resources */ = {isa = PBXBuildFile; fileRef = CE0689F61A873A5B00D69CFC /* Lato-Medium.ttf */; };
		CE068A0C1A873A5B00D69CFC /* Lato-MediumItalic.ttf in Resources */ = {isa = PBXBuildFile; fileRef = CE0689F71A873A5B00D69CFC /* Lato-MediumItalic.ttf */; };
		CE068A0D1A873A5B00D69CFC /* Lato-Regular.ttf in Resources */ = {isa = PBXBuildFile; fileRef = CE0689F81A873A5B00D69CFC /* Lato-Regular.ttf */; };
		CE068A0E1A873A5B00D69CFC /* Lato-Semibold.ttf in Resources */ = {isa = PBXBuildFile; fileRef = CE0689F91A873A5B00D69CFC /* Lato-Semibold.ttf */; };
		CE068A0F1A873A5B00D69CFC /* Lato-SemiboldItalic.ttf in Resources */ = {isa = PBXBuildFile; fileRef = CE0689FA1A873A5B00D69CFC /* Lato-SemiboldItalic.ttf */; };
		CE068A101A873A5B00D69CFC /* Lato-Thin.ttf in Resources */ = {isa = PBXBuildFile; fileRef = CE0689FB1A873A5B00D69CFC /* Lato-Thin.ttf */; };
		CE068A111A873A5B00D69CFC /* Lato-ThinItalic.ttf in Resources */ = {isa = PBXBuildFile; fileRef = CE0689FC1A873A5B00D69CFC /* Lato-ThinItalic.ttf */; };
		CE068A121A873A5B00D69CFC /* OFL.txt in Resources */ = {isa = PBXBuildFile; fileRef = CE0689FD1A873A5B00D69CFC /* OFL.txt */; };
		CE068A131A873A5B00D69CFC /* README.txt in Resources */ = {isa = PBXBuildFile; fileRef = CE0689FE1A873A5B00D69CFC /* README.txt */; };
		CE068A191A873A7C00D69CFC /* blogpage.html in Resources */ = {isa = PBXBuildFile; fileRef = CE068A141A873A7C00D69CFC /* blogpage.html */; };
		CE068A1A1A873A7C00D69CFC /* fantomash.html in Resources */ = {isa = PBXBuildFile; fileRef = CE068A151A873A7C00D69CFC /* fantomash.html */; };
		CE068A1B1A873A7C00D69CFC /* japanese.html in Resources */ = {isa = PBXBuildFile; fileRef = CE068A161A873A7C00D69CFC /* japanese.html */; };
		CE068A1C1A873A7C00D69CFC /* memory.html in Resources */ = {isa = PBXBuildFile; fileRef = CE068A171A873A7C00D69CFC /* memory.html */; };
		CE068A1D1A873A7C00D69CFC /* superhero.html in Resources */ = {isa = PBXBuildFile; fileRef = CE068A181A873A7C00D69CFC /* superhero.html */; };
		CE0BEFD51A847E5200207752 /* BlogPostTableViewCell.m in Sources */ = {isa = PBXBuildFile; fileRef = CE0BEFD41A847E5200207752 /* BlogPostTableViewCell.m */; };
		CE0BEFD71A8482CA00207752 /* CoreData.framework in Frameworks */ = {isa = PBXBuildFile; fileRef = CE0BEFD61A8482CA00207752 /* CoreData.framework */; };
		CE0BEFDE1A84850B00207752 /* WeirdRetro.xcdatamodeld in Sources */ = {isa = PBXBuildFile; fileRef = CE0BEFDC1A84850B00207752 /* WeirdRetro.xcdatamodeld */; };
		CE20EDB31A8137060029584F /* PostViewController.m in Sources */ = {isa = PBXBuildFile; fileRef = CE20EDB21A8137060029584F /* PostViewController.m */; };
		CE212EFC1A833C9A007EFD6E /* RootViewController.m in Sources */ = {isa = PBXBuildFile; fileRef = CE212EFB1A833C9A007EFD6E /* RootViewController.m */; };
		CE212EFF1A833F5E007EFD6E /* CaptainsBlogViewController.m in Sources */ = {isa = PBXBuildFile; fileRef = CE212EFE1A833F5E007EFD6E /* CaptainsBlogViewController.m */; };
		CE212F071A835756007EFD6E /* WRPage.m in Sources */ = {isa = PBXBuildFile; fileRef = CE212F061A835756007EFD6E /* WRPage.m */; };
		CE21B8191A807084006B7F8D /* NetworkWorker.m in Sources */ = {isa = PBXBuildFile; fileRef = CE21B8181A807084006B7F8D /* NetworkWorker.m */; };
		CE22825C1A8222AB00B91271 /* MenuViewController.m in Sources */ = {isa = PBXBuildFile; fileRef = CE22825B1A8222AB00B91271 /* MenuViewController.m */; };
		CE22825F1A82249B00B91271 /* MEZoomAnimationController.m in Sources */ = {isa = PBXBuildFile; fileRef = CE22825E1A82249B00B91271 /* MEZoomAnimationController.m */; };
		CE345ADB1A8539B2002B0747 /* BlogPost.m in Sources */ = {isa = PBXBuildFile; fileRef = CE345ADA1A8539B2002B0747 /* BlogPost.m */; };
		CE345AE41A8546B2002B0747 /* SuppliesViewController.m in Sources */ = {isa = PBXBuildFile; fileRef = CE345AE31A8546B2002B0747 /* SuppliesViewController.m */; };
		CE345AE71A8546E9002B0747 /* ContactViewController.m in Sources */ = {isa = PBXBuildFile; fileRef = CE345AE61A8546E9002B0747 /* ContactViewController.m */; };
		CE345AEA1A8547E6002B0747 /* RootTableTableViewController.m in Sources */ = {isa = PBXBuildFile; fileRef = CE345AE91A8547E6002B0747 /* RootTableTableViewController.m */; };
		CE345AED1A85C54D002B0747 /* Section.m in Sources */ = {isa = PBXBuildFile; fileRef = CE345AEC1A85C54D002B0747 /* Section.m */; };
		CE345AF01A85C577002B0747 /* Post.m in Sources */ = {isa = PBXBuildFile; fileRef = CE345AEF1A85C577002B0747 /* Post.m */; };
		CE4D68401A807D6600CD948A /* HTMLConverter.m in Sources */ = {isa = PBXBuildFile; fileRef = CE4D683F1A807D6600CD948A /* HTMLConverter.m */; };
		CE4D68431A80858F00CD948A /* HTMLConvertOperation.m in Sources */ = {isa = PBXBuildFile; fileRef = CE4D68421A80858F00CD948A /* HTMLConvertOperation.m */; };
		CE4D684A1A80E9AA00CD948A /* DataManager.m in Sources */ = {isa = PBXBuildFile; fileRef = CE4D68491A80E9AA00CD948A /* DataManager.m */; };
		CE4D684D1A80F2B600CD948A /* EscapePodsViewController.m in Sources */ = {isa = PBXBuildFile; fileRef = CE4D684C1A80F2B600CD948A /* EscapePodsViewController.m */; };
		CE4D68501A80F39E00CD948A /* EscapePodsTableViewCell.m in Sources */ = {isa = PBXBuildFile; fileRef = CE4D684F1A80F39E00CD948A /* EscapePodsTableViewCell.m */; };
		CED3D43C1A7DC44F002F7FDC /* main.m in Sources */ = {isa = PBXBuildFile; fileRef = CED3D43B1A7DC44F002F7FDC /* main.m */; };
		CED3D43F1A7DC44F002F7FDC /* AppDelegate.m in Sources */ = {isa = PBXBuildFile; fileRef = CED3D43E1A7DC44F002F7FDC /* AppDelegate.m */; };
		CED3D4451A7DC44F002F7FDC /* Main.storyboard in Resources */ = {isa = PBXBuildFile; fileRef = CED3D4431A7DC44F002F7FDC /* Main.storyboard */; };
		CED3D4471A7DC44F002F7FDC /* Images.xcassets in Resources */ = {isa = PBXBuildFile; fileRef = CED3D4461A7DC44F002F7FDC /* Images.xcassets */; };
		CED3D44A1A7DC44F002F7FDC /* LaunchScreen.xib in Resources */ = {isa = PBXBuildFile; fileRef = CED3D4481A7DC44F002F7FDC /* LaunchScreen.xib */; };
		CED3D4561A7DC44F002F7FDC /* Weird_RetroTests.m in Sources */ = {isa = PBXBuildFile; fileRef = CED3D4551A7DC44F002F7FDC /* Weird_RetroTests.m */; };
/* End PBXBuildFile section */

/* Begin PBXContainerItemProxy section */
		CED3D4501A7DC44F002F7FDC /* PBXContainerItemProxy */ = {
			isa = PBXContainerItemProxy;
			containerPortal = CED3D42E1A7DC44F002F7FDC /* Project object */;
			proxyType = 1;
			remoteGlobalIDString = CED3D4351A7DC44F002F7FDC;
			remoteInfo = "Weird Retro";
		};
/* End PBXContainerItemProxy section */

/* Begin PBXFileReference section */
		CE0689E31A873A3B00D69CFC /* bg.png */ = {isa = PBXFileReference; lastKnownFileType = image.png; name = bg.png; path = Images/bg.png; sourceTree = "<group>"; };
		CE0689E41A873A3B00D69CFC /* logo.png */ = {isa = PBXFileReference; lastKnownFileType = image.png; name = logo.png; path = Images/logo.png; sourceTree = "<group>"; };
		CE0689E51A873A3B00D69CFC /* vintage-tan-paper-texture.jpg */ = {isa = PBXFileReference; lastKnownFileType = image.jpeg; name = "vintage-tan-paper-texture.jpg"; path = "Images/vintage-tan-paper-texture.jpg"; sourceTree = "<group>"; };
		CE0689E91A873A5B00D69CFC /* Komika Axis.ttf */ = {isa = PBXFileReference; lastKnownFileType = file; name = "Komika Axis.ttf"; path = "Fonts/Komika Axis.ttf"; sourceTree = "<group>"; };
		CE0689EB1A873A5B00D69CFC /* Lato-Black.ttf */ = {isa = PBXFileReference; lastKnownFileType = file; path = "Lato-Black.ttf"; sourceTree = "<group>"; };
		CE0689EC1A873A5B00D69CFC /* Lato-BlackItalic.ttf */ = {isa = PBXFileReference; lastKnownFileType = file; path = "Lato-BlackItalic.ttf"; sourceTree = "<group>"; };
		CE0689ED1A873A5B00D69CFC /* Lato-Bold.ttf */ = {isa = PBXFileReference; lastKnownFileType = file; path = "Lato-Bold.ttf"; sourceTree = "<group>"; };
		CE0689EE1A873A5B00D69CFC /* Lato-BoldItalic.ttf */ = {isa = PBXFileReference; lastKnownFileType = file; path = "Lato-BoldItalic.ttf"; sourceTree = "<group>"; };
		CE0689EF1A873A5B00D69CFC /* Lato-Hairline.ttf */ = {isa = PBXFileReference; lastKnownFileType = file; path = "Lato-Hairline.ttf"; sourceTree = "<group>"; };
		CE0689F01A873A5B00D69CFC /* Lato-HairlineItalic.ttf */ = {isa = PBXFileReference; lastKnownFileType = file; path = "Lato-HairlineItalic.ttf"; sourceTree = "<group>"; };
		CE0689F11A873A5B00D69CFC /* Lato-Heavy.ttf */ = {isa = PBXFileReference; lastKnownFileType = file; path = "Lato-Heavy.ttf"; sourceTree = "<group>"; };
		CE0689F21A873A5B00D69CFC /* Lato-HeavyItalic.ttf */ = {isa = PBXFileReference; lastKnownFileType = file; path = "Lato-HeavyItalic.ttf"; sourceTree = "<group>"; };
		CE0689F31A873A5B00D69CFC /* Lato-Italic.ttf */ = {isa = PBXFileReference; lastKnownFileType = file; path = "Lato-Italic.ttf"; sourceTree = "<group>"; };
		CE0689F41A873A5B00D69CFC /* Lato-Light.ttf */ = {isa = PBXFileReference; lastKnownFileType = file; path = "Lato-Light.ttf"; sourceTree = "<group>"; };
		CE0689F51A873A5B00D69CFC /* Lato-LightItalic.ttf */ = {isa = PBXFileReference; lastKnownFileType = file; path = "Lato-LightItalic.ttf"; sourceTree = "<group>"; };
		CE0689F61A873A5B00D69CFC /* Lato-Medium.ttf */ = {isa = PBXFileReference; lastKnownFileType = file; path = "Lato-Medium.ttf"; sourceTree = "<group>"; };
		CE0689F71A873A5B00D69CFC /* Lato-MediumItalic.ttf */ = {isa = PBXFileReference; lastKnownFileType = file; path = "Lato-MediumItalic.ttf"; sourceTree = "<group>"; };
		CE0689F81A873A5B00D69CFC /* Lato-Regular.ttf */ = {isa = PBXFileReference; lastKnownFileType = file; path = "Lato-Regular.ttf"; sourceTree = "<group>"; };
		CE0689F91A873A5B00D69CFC /* Lato-Semibold.ttf */ = {isa = PBXFileReference; lastKnownFileType = file; path = "Lato-Semibold.ttf"; sourceTree = "<group>"; };
		CE0689FA1A873A5B00D69CFC /* Lato-SemiboldItalic.ttf */ = {isa = PBXFileReference; lastKnownFileType = file; path = "Lato-SemiboldItalic.ttf"; sourceTree = "<group>"; };
		CE0689FB1A873A5B00D69CFC /* Lato-Thin.ttf */ = {isa = PBXFileReference; lastKnownFileType = file; path = "Lato-Thin.ttf"; sourceTree = "<group>"; };
		CE0689FC1A873A5B00D69CFC /* Lato-ThinItalic.ttf */ = {isa = PBXFileReference; lastKnownFileType = file; path = "Lato-ThinItalic.ttf"; sourceTree = "<group>"; };
		CE0689FD1A873A5B00D69CFC /* OFL.txt */ = {isa = PBXFileReference; fileEncoding = 4; lastKnownFileType = text; path = OFL.txt; sourceTree = "<group>"; };
		CE0689FE1A873A5B00D69CFC /* README.txt */ = {isa = PBXFileReference; fileEncoding = 4; lastKnownFileType = text; path = README.txt; sourceTree = "<group>"; };
		CE068A141A873A7C00D69CFC /* blogpage.html */ = {isa = PBXFileReference; fileEncoding = 4; lastKnownFileType = text.html; name = blogpage.html; path = Examples/blogpage.html; sourceTree = "<group>"; };
		CE068A151A873A7C00D69CFC /* fantomash.html */ = {isa = PBXFileReference; fileEncoding = 4; lastKnownFileType = text.html; name = fantomash.html; path = Examples/fantomash.html; sourceTree = "<group>"; };
		CE068A161A873A7C00D69CFC /* japanese.html */ = {isa = PBXFileReference; fileEncoding = 4; lastKnownFileType = text.html; name = japanese.html; path = Examples/japanese.html; sourceTree = "<group>"; };
		CE068A171A873A7C00D69CFC /* memory.html */ = {isa = PBXFileReference; fileEncoding = 4; lastKnownFileType = text.html; name = memory.html; path = Examples/memory.html; sourceTree = "<group>"; };
		CE068A181A873A7C00D69CFC /* superhero.html */ = {isa = PBXFileReference; fileEncoding = 4; lastKnownFileType = text.html; name = superhero.html; path = Examples/superhero.html; sourceTree = "<group>"; };
		CE0BEFD31A847E5200207752 /* BlogPostTableViewCell.h */ = {isa = PBXFileReference; fileEncoding = 4; lastKnownFileType = sourcecode.c.h; path = BlogPostTableViewCell.h; sourceTree = "<group>"; };
		CE0BEFD41A847E5200207752 /* BlogPostTableViewCell.m */ = {isa = PBXFileReference; fileEncoding = 4; lastKnownFileType = sourcecode.c.objc; path = BlogPostTableViewCell.m; sourceTree = "<group>"; };
		CE0BEFD61A8482CA00207752 /* CoreData.framework */ = {isa = PBXFileReference; lastKnownFileType = wrapper.framework; name = CoreData.framework; path = System/Library/Frameworks/CoreData.framework; sourceTree = SDKROOT; };
		CE0BEFDB1A84845500207752 /* Debug.h */ = {isa = PBXFileReference; lastKnownFileType = sourcecode.c.h; name = Debug.h; path = Classes/Debug.h; sourceTree = "<group>"; };
		CE0BEFDD1A84850B00207752 /* WeirdRetro.xcdatamodel */ = {isa = PBXFileReference; lastKnownFileType = wrapper.xcdatamodel; path = WeirdRetro.xcdatamodel; sourceTree = "<group>"; };
		CE20EDB11A8137060029584F /* PostViewController.h */ = {isa = PBXFileReference; fileEncoding = 4; lastKnownFileType = sourcecode.c.h; path = PostViewController.h; sourceTree = "<group>"; };
		CE20EDB21A8137060029584F /* PostViewController.m */ = {isa = PBXFileReference; fileEncoding = 4; lastKnownFileType = sourcecode.c.objc; path = PostViewController.m; sourceTree = "<group>"; };
		CE212EFA1A833C9A007EFD6E /* RootViewController.h */ = {isa = PBXFileReference; fileEncoding = 4; lastKnownFileType = sourcecode.c.h; path = RootViewController.h; sourceTree = "<group>"; };
		CE212EFB1A833C9A007EFD6E /* RootViewController.m */ = {isa = PBXFileReference; fileEncoding = 4; lastKnownFileType = sourcecode.c.objc; path = RootViewController.m; sourceTree = "<group>"; };
		CE212EFD1A833F5E007EFD6E /* CaptainsBlogViewController.h */ = {isa = PBXFileReference; fileEncoding = 4; lastKnownFileType = sourcecode.c.h; path = CaptainsBlogViewController.h; sourceTree = "<group>"; };
		CE212EFE1A833F5E007EFD6E /* CaptainsBlogViewController.m */ = {isa = PBXFileReference; fileEncoding = 4; lastKnownFileType = sourcecode.c.objc; path = CaptainsBlogViewController.m; sourceTree = "<group>"; };
		CE212F051A835756007EFD6E /* WRPage.h */ = {isa = PBXFileReference; fileEncoding = 4; lastKnownFileType = sourcecode.c.h; path = WRPage.h; sourceTree = "<group>"; };
		CE212F061A835756007EFD6E /* WRPage.m */ = {isa = PBXFileReference; fileEncoding = 4; lastKnownFileType = sourcecode.c.objc; path = WRPage.m; sourceTree = "<group>"; };
		CE21B8171A807084006B7F8D /* NetworkWorker.h */ = {isa = PBXFileReference; fileEncoding = 4; lastKnownFileType = sourcecode.c.h; name = NetworkWorker.h; path = Classes/NetworkWorker.h; sourceTree = "<group>"; };
		CE21B8181A807084006B7F8D /* NetworkWorker.m */ = {isa = PBXFileReference; fileEncoding = 4; lastKnownFileType = sourcecode.c.objc; name = NetworkWorker.m; path = Classes/NetworkWorker.m; sourceTree = "<group>"; };
		CE21B81A1A807128006B7F8D /* Managers.h */ = {isa = PBXFileReference; lastKnownFileType = sourcecode.c.h; name = Managers.h; path = Classes/Managers.h; sourceTree = "<group>"; };
		CE22825A1A8222AB00B91271 /* MenuViewController.h */ = {isa = PBXFileReference; fileEncoding = 4; lastKnownFileType = sourcecode.c.h; path = MenuViewController.h; sourceTree = "<group>"; };
		CE22825B1A8222AB00B91271 /* MenuViewController.m */ = {isa = PBXFileReference; fileEncoding = 4; lastKnownFileType = sourcecode.c.objc; path = MenuViewController.m; sourceTree = "<group>"; };
		CE22825D1A82249B00B91271 /* MEZoomAnimationController.h */ = {isa = PBXFileReference; fileEncoding = 4; lastKnownFileType = sourcecode.c.h; path = MEZoomAnimationController.h; sourceTree = "<group>"; };
		CE22825E1A82249B00B91271 /* MEZoomAnimationController.m */ = {isa = PBXFileReference; fileEncoding = 4; lastKnownFileType = sourcecode.c.objc; path = MEZoomAnimationController.m; sourceTree = "<group>"; };
		CE345AD91A8539B2002B0747 /* BlogPost.h */ = {isa = PBXFileReference; fileEncoding = 4; lastKnownFileType = sourcecode.c.h; name = BlogPost.h; path = Model/BlogPost.h; sourceTree = "<group>"; };
		CE345ADA1A8539B2002B0747 /* BlogPost.m */ = {isa = PBXFileReference; fileEncoding = 4; lastKnownFileType = sourcecode.c.objc; name = BlogPost.m; path = Model/BlogPost.m; sourceTree = "<group>"; };
		CE345AE21A8546B2002B0747 /* SuppliesViewController.h */ = {isa = PBXFileReference; fileEncoding = 4; lastKnownFileType = sourcecode.c.h; path = SuppliesViewController.h; sourceTree = "<group>"; };
		CE345AE31A8546B2002B0747 /* SuppliesViewController.m */ = {isa = PBXFileReference; fileEncoding = 4; lastKnownFileType = sourcecode.c.objc; path = SuppliesViewController.m; sourceTree = "<group>"; };
		CE345AE51A8546E9002B0747 /* ContactViewController.h */ = {isa = PBXFileReference; fileEncoding = 4; lastKnownFileType = sourcecode.c.h; path = ContactViewController.h; sourceTree = "<group>"; };
		CE345AE61A8546E9002B0747 /* ContactViewController.m */ = {isa = PBXFileReference; fileEncoding = 4; lastKnownFileType = sourcecode.c.objc; path = ContactViewController.m; sourceTree = "<group>"; };
		CE345AE81A8547E6002B0747 /* RootTableTableViewController.h */ = {isa = PBXFileReference; fileEncoding = 4; lastKnownFileType = sourcecode.c.h; path = RootTableTableViewController.h; sourceTree = "<group>"; };
		CE345AE91A8547E6002B0747 /* RootTableTableViewController.m */ = {isa = PBXFileReference; fileEncoding = 4; lastKnownFileType = sourcecode.c.objc; path = RootTableTableViewController.m; sourceTree = "<group>"; };
		CE345AEB1A85C54D002B0747 /* Section.h */ = {isa = PBXFileReference; fileEncoding = 4; lastKnownFileType = sourcecode.c.h; name = Section.h; path = Model/Section.h; sourceTree = "<group>"; };
		CE345AEC1A85C54D002B0747 /* Section.m */ = {isa = PBXFileReference; fileEncoding = 4; lastKnownFileType = sourcecode.c.objc; name = Section.m; path = Model/Section.m; sourceTree = "<group>"; };
		CE345AEE1A85C577002B0747 /* Post.h */ = {isa = PBXFileReference; fileEncoding = 4; lastKnownFileType = sourcecode.c.h; name = Post.h; path = Model/Post.h; sourceTree = "<group>"; };
		CE345AEF1A85C577002B0747 /* Post.m */ = {isa = PBXFileReference; fileEncoding = 4; lastKnownFileType = sourcecode.c.objc; name = Post.m; path = Model/Post.m; sourceTree = "<group>"; };
		CE4D683E1A807D6600CD948A /* HTMLConverter.h */ = {isa = PBXFileReference; fileEncoding = 4; lastKnownFileType = sourcecode.c.h; name = HTMLConverter.h; path = Classes/HTMLConverter.h; sourceTree = "<group>"; };
		CE4D683F1A807D6600CD948A /* HTMLConverter.m */ = {isa = PBXFileReference; fileEncoding = 4; lastKnownFileType = sourcecode.c.objc; name = HTMLConverter.m; path = Classes/HTMLConverter.m; sourceTree = "<group>"; };
		CE4D68411A80858F00CD948A /* HTMLConvertOperation.h */ = {isa = PBXFileReference; fileEncoding = 4; lastKnownFileType = sourcecode.c.h; name = HTMLConvertOperation.h; path = Classes/HTMLConvertOperation.h; sourceTree = "<group>"; };
		CE4D68421A80858F00CD948A /* HTMLConvertOperation.m */ = {isa = PBXFileReference; fileEncoding = 4; lastKnownFileType = sourcecode.c.objc; name = HTMLConvertOperation.m; path = Classes/HTMLConvertOperation.m; sourceTree = "<group>"; };
		CE4D68481A80E9AA00CD948A /* DataManager.h */ = {isa = PBXFileReference; fileEncoding = 4; lastKnownFileType = sourcecode.c.h; path = DataManager.h; sourceTree = "<group>"; };
		CE4D68491A80E9AA00CD948A /* DataManager.m */ = {isa = PBXFileReference; fileEncoding = 4; lastKnownFileType = sourcecode.c.objc; path = DataManager.m; sourceTree = "<group>"; };
		CE4D684B1A80F2B600CD948A /* EscapePodsViewController.h */ = {isa = PBXFileReference; fileEncoding = 4; lastKnownFileType = sourcecode.c.h; path = EscapePodsViewController.h; sourceTree = "<group>"; };
		CE4D684C1A80F2B600CD948A /* EscapePodsViewController.m */ = {isa = PBXFileReference; fileEncoding = 4; lastKnownFileType = sourcecode.c.objc; path = EscapePodsViewController.m; sourceTree = "<group>"; };
		CE4D684E1A80F39E00CD948A /* EscapePodsTableViewCell.h */ = {isa = PBXFileReference; fileEncoding = 4; lastKnownFileType = sourcecode.c.h; path = EscapePodsTableViewCell.h; sourceTree = "<group>"; };
		CE4D684F1A80F39E00CD948A /* EscapePodsTableViewCell.m */ = {isa = PBXFileReference; fileEncoding = 4; lastKnownFileType = sourcecode.c.objc; path = EscapePodsTableViewCell.m; sourceTree = "<group>"; };
		CED3D4361A7DC44F002F7FDC /* Weird Retro.app */ = {isa = PBXFileReference; explicitFileType = wrapper.application; includeInIndex = 0; path = "Weird Retro.app"; sourceTree = BUILT_PRODUCTS_DIR; };
		CED3D43A1A7DC44F002F7FDC /* Info.plist */ = {isa = PBXFileReference; lastKnownFileType = text.plist.xml; path = Info.plist; sourceTree = "<group>"; };
		CED3D43B1A7DC44F002F7FDC /* main.m */ = {isa = PBXFileReference; lastKnownFileType = sourcecode.c.objc; path = main.m; sourceTree = "<group>"; };
		CED3D43D1A7DC44F002F7FDC /* AppDelegate.h */ = {isa = PBXFileReference; lastKnownFileType = sourcecode.c.h; path = AppDelegate.h; sourceTree = "<group>"; };
		CED3D43E1A7DC44F002F7FDC /* AppDelegate.m */ = {isa = PBXFileReference; lastKnownFileType = sourcecode.c.objc; path = AppDelegate.m; sourceTree = "<group>"; };
		CED3D4441A7DC44F002F7FDC /* Base */ = {isa = PBXFileReference; lastKnownFileType = file.storyboard; name = Base; path = Base.lproj/Main.storyboard; sourceTree = "<group>"; };
		CED3D4461A7DC44F002F7FDC /* Images.xcassets */ = {isa = PBXFileReference; lastKnownFileType = folder.assetcatalog; path = Images.xcassets; sourceTree = "<group>"; };
		CED3D4491A7DC44F002F7FDC /* Base */ = {isa = PBXFileReference; lastKnownFileType = file.xib; name = Base; path = Base.lproj/LaunchScreen.xib; sourceTree = "<group>"; };
		CED3D44F1A7DC44F002F7FDC /* Weird RetroTests.xctest */ = {isa = PBXFileReference; explicitFileType = wrapper.cfbundle; includeInIndex = 0; path = "Weird RetroTests.xctest"; sourceTree = BUILT_PRODUCTS_DIR; };
		CED3D4541A7DC44F002F7FDC /* Info.plist */ = {isa = PBXFileReference; lastKnownFileType = text.plist.xml; path = Info.plist; sourceTree = "<group>"; };
		CED3D4551A7DC44F002F7FDC /* Weird_RetroTests.m */ = {isa = PBXFileReference; lastKnownFileType = sourcecode.c.objc; path = Weird_RetroTests.m; sourceTree = "<group>"; };
		DD0F2BF7B1EF754C407EF799 /* libPods.a */ = {isa = PBXFileReference; explicitFileType = archive.ar; includeInIndex = 0; path = libPods.a; sourceTree = BUILT_PRODUCTS_DIR; };
		E224A6AEAF271396FFA97523 /* Pods.debug.xcconfig */ = {isa = PBXFileReference; includeInIndex = 1; lastKnownFileType = text.xcconfig; name = Pods.debug.xcconfig; path = "Pods/Target Support Files/Pods/Pods.debug.xcconfig"; sourceTree = "<group>"; };
		F8BF5B3D00D2BA9030603FAD /* Pods.release.xcconfig */ = {isa = PBXFileReference; includeInIndex = 1; lastKnownFileType = text.xcconfig; name = Pods.release.xcconfig; path = "Pods/Target Support Files/Pods/Pods.release.xcconfig"; sourceTree = "<group>"; };
/* End PBXFileReference section */

/* Begin PBXFrameworksBuildPhase section */
		CED3D4331A7DC44F002F7FDC /* Frameworks */ = {
			isa = PBXFrameworksBuildPhase;
			buildActionMask = 2147483647;
			files = (
				CE0BEFD71A8482CA00207752 /* CoreData.framework in Frameworks */,
				AC478D6FC8E66A49116B8FBE /* libPods.a in Frameworks */,
			);
			runOnlyForDeploymentPostprocessing = 0;
		};
		CED3D44C1A7DC44F002F7FDC /* Frameworks */ = {
			isa = PBXFrameworksBuildPhase;
			buildActionMask = 2147483647;
			files = (
			);
			runOnlyForDeploymentPostprocessing = 0;
		};
/* End PBXFrameworksBuildPhase section */

/* Begin PBXGroup section */
		69BFB5EF7ABF60FF7E933FA4 /* Frameworks */ = {
			isa = PBXGroup;
			children = (
				CE0BEFD61A8482CA00207752 /* CoreData.framework */,
				DD0F2BF7B1EF754C407EF799 /* libPods.a */,
			);
			name = Frameworks;
			sourceTree = "<group>";
		};
		6B814858E3C93749DEB39768 /* Pods */ = {
			isa = PBXGroup;
			children = (
				E224A6AEAF271396FFA97523 /* Pods.debug.xcconfig */,
				F8BF5B3D00D2BA9030603FAD /* Pods.release.xcconfig */,
			);
			name = Pods;
			sourceTree = "<group>";
		};
		CE0689E11A8739F400D69CFC /* Images */ = {
			isa = PBXGroup;
			children = (
				CE0689E31A873A3B00D69CFC /* bg.png */,
				CE0689E41A873A3B00D69CFC /* logo.png */,
				CE0689E51A873A3B00D69CFC /* vintage-tan-paper-texture.jpg */,
			);
			name = Images;
			sourceTree = "<group>";
		};
		CE0689E21A8739FF00D69CFC /* Fonts */ = {
			isa = PBXGroup;
			children = (
				CE0689E91A873A5B00D69CFC /* Komika Axis.ttf */,
				CE0689EA1A873A5B00D69CFC /* Lato2OFL */,
			);
			name = Fonts;
			sourceTree = "<group>";
		};
		CE0689EA1A873A5B00D69CFC /* Lato2OFL */ = {
			isa = PBXGroup;
			children = (
				CE0689EB1A873A5B00D69CFC /* Lato-Black.ttf */,
				CE0689EC1A873A5B00D69CFC /* Lato-BlackItalic.ttf */,
				CE0689ED1A873A5B00D69CFC /* Lato-Bold.ttf */,
				CE0689EE1A873A5B00D69CFC /* Lato-BoldItalic.ttf */,
				CE0689EF1A873A5B00D69CFC /* Lato-Hairline.ttf */,
				CE0689F01A873A5B00D69CFC /* Lato-HairlineItalic.ttf */,
				CE0689F11A873A5B00D69CFC /* Lato-Heavy.ttf */,
				CE0689F21A873A5B00D69CFC /* Lato-HeavyItalic.ttf */,
				CE0689F31A873A5B00D69CFC /* Lato-Italic.ttf */,
				CE0689F41A873A5B00D69CFC /* Lato-Light.ttf */,
				CE0689F51A873A5B00D69CFC /* Lato-LightItalic.ttf */,
				CE0689F61A873A5B00D69CFC /* Lato-Medium.ttf */,
				CE0689F71A873A5B00D69CFC /* Lato-MediumItalic.ttf */,
				CE0689F81A873A5B00D69CFC /* Lato-Regular.ttf */,
				CE0689F91A873A5B00D69CFC /* Lato-Semibold.ttf */,
				CE0689FA1A873A5B00D69CFC /* Lato-SemiboldItalic.ttf */,
				CE0689FB1A873A5B00D69CFC /* Lato-Thin.ttf */,
				CE0689FC1A873A5B00D69CFC /* Lato-ThinItalic.ttf */,
				CE0689FD1A873A5B00D69CFC /* OFL.txt */,
				CE0689FE1A873A5B00D69CFC /* README.txt */,
			);
			name = Lato2OFL;
			path = Fonts/Lato2OFL;
			sourceTree = "<group>";
		};
		CE212EF61A832D36007EFD6E /* View Controllers */ = {
			isa = PBXGroup;
			children = (
				CE212EF71A832D47007EFD6E /* Menu View Controller */,
				CE212EFA1A833C9A007EFD6E /* RootViewController.h */,
				CE212EFB1A833C9A007EFD6E /* RootViewController.m */,
				CE345AE81A8547E6002B0747 /* RootTableTableViewController.h */,
				CE345AE91A8547E6002B0747 /* RootTableTableViewController.m */,
				CE4D684B1A80F2B600CD948A /* EscapePodsViewController.h */,
				CE4D684C1A80F2B600CD948A /* EscapePodsViewController.m */,
				CE4D684E1A80F39E00CD948A /* EscapePodsTableViewCell.h */,
				CE4D684F1A80F39E00CD948A /* EscapePodsTableViewCell.m */,
				CE212EFD1A833F5E007EFD6E /* CaptainsBlogViewController.h */,
				CE212EFE1A833F5E007EFD6E /* CaptainsBlogViewController.m */,
				CE0BEFD31A847E5200207752 /* BlogPostTableViewCell.h */,
				CE0BEFD41A847E5200207752 /* BlogPostTableViewCell.m */,
				CE20EDB11A8137060029584F /* PostViewController.h */,
				CE20EDB21A8137060029584F /* PostViewController.m */,
				CE345AE21A8546B2002B0747 /* SuppliesViewController.h */,
				CE345AE31A8546B2002B0747 /* SuppliesViewController.m */,
				CE345AE51A8546E9002B0747 /* ContactViewController.h */,
				CE345AE61A8546E9002B0747 /* ContactViewController.m */,
			);
			name = "View Controllers";
			sourceTree = "<group>";
		};
		CE212EF71A832D47007EFD6E /* Menu View Controller */ = {
			isa = PBXGroup;
			children = (
				CE22825A1A8222AB00B91271 /* MenuViewController.h */,
				CE22825B1A8222AB00B91271 /* MenuViewController.m */,
				CE22825D1A82249B00B91271 /* MEZoomAnimationController.h */,
				CE22825E1A82249B00B91271 /* MEZoomAnimationController.m */,
			);
			name = "Menu View Controller";
			sourceTree = "<group>";
		};
		CE212EF91A832D7A007EFD6E /* Example HTMLs */ = {
			isa = PBXGroup;
			children = (
				CE068A141A873A7C00D69CFC /* blogpage.html */,
				CE068A151A873A7C00D69CFC /* fantomash.html */,
				CE068A161A873A7C00D69CFC /* japanese.html */,
				CE068A171A873A7C00D69CFC /* memory.html */,
				CE068A181A873A7C00D69CFC /* superhero.html */,
			);
			name = "Example HTMLs";
			sourceTree = "<group>";
		};
		CE212F001A834F1B007EFD6E /* Model */ = {
			isa = PBXGroup;
			children = (
				CE0BEFDC1A84850B00207752 /* WeirdRetro.xcdatamodeld */,
				CE345AEE1A85C577002B0747 /* Post.h */,
				CE345AEF1A85C577002B0747 /* Post.m */,
				CE345AEB1A85C54D002B0747 /* Section.h */,
				CE345AEC1A85C54D002B0747 /* Section.m */,
				CE345AD91A8539B2002B0747 /* BlogPost.h */,
				CE345ADA1A8539B2002B0747 /* BlogPost.m */,
				CE212F051A835756007EFD6E /* WRPage.h */,
				CE212F061A835756007EFD6E /* WRPage.m */,
			);
			name = Model;
			sourceTree = "<group>";
		};
		CE21B8161A806F06006B7F8D /* Managers */ = {
			isa = PBXGroup;
			children = (
				CE0BEFDB1A84845500207752 /* Debug.h */,
				CE21B81A1A807128006B7F8D /* Managers.h */,
				CE21B8171A807084006B7F8D /* NetworkWorker.h */,
				CE21B8181A807084006B7F8D /* NetworkWorker.m */,
				CE4D683E1A807D6600CD948A /* HTMLConverter.h */,
				CE4D683F1A807D6600CD948A /* HTMLConverter.m */,
				CE4D68411A80858F00CD948A /* HTMLConvertOperation.h */,
				CE4D68421A80858F00CD948A /* HTMLConvertOperation.m */,
				CE4D68481A80E9AA00CD948A /* DataManager.h */,
				CE4D68491A80E9AA00CD948A /* DataManager.m */,
			);
			name = Managers;
			sourceTree = "<group>";
		};
		CE8E11D11A7F4BBF00B8566C /* Resources */ = {
			isa = PBXGroup;
			children = (
				CE0689E21A8739FF00D69CFC /* Fonts */,
				CE0689E11A8739F400D69CFC /* Images */,
				CE212EF91A832D7A007EFD6E /* Example HTMLs */,
				CED3D4461A7DC44F002F7FDC /* Images.xcassets */,
				CED3D4431A7DC44F002F7FDC /* Main.storyboard */,
				CED3D4481A7DC44F002F7FDC /* LaunchScreen.xib */,
			);
			name = Resources;
			sourceTree = "<group>";
		};
		CED3D42D1A7DC44F002F7FDC = {
			isa = PBXGroup;
			children = (
				CED3D4381A7DC44F002F7FDC /* Weird Retro */,
				CED3D4521A7DC44F002F7FDC /* Weird RetroTests */,
				CED3D4371A7DC44F002F7FDC /* Products */,
				6B814858E3C93749DEB39768 /* Pods */,
				69BFB5EF7ABF60FF7E933FA4 /* Frameworks */,
			);
			sourceTree = "<group>";
		};
		CED3D4371A7DC44F002F7FDC /* Products */ = {
			isa = PBXGroup;
			children = (
				CED3D4361A7DC44F002F7FDC /* Weird Retro.app */,
				CED3D44F1A7DC44F002F7FDC /* Weird RetroTests.xctest */,
			);
			name = Products;
			sourceTree = "<group>";
		};
		CED3D4381A7DC44F002F7FDC /* Weird Retro */ = {
			isa = PBXGroup;
			children = (
				CE212F001A834F1B007EFD6E /* Model */,
				CE212EF61A832D36007EFD6E /* View Controllers */,
				CE21B8161A806F06006B7F8D /* Managers */,
				CE8E11D11A7F4BBF00B8566C /* Resources */,
				CED3D43D1A7DC44F002F7FDC /* AppDelegate.h */,
				CED3D43E1A7DC44F002F7FDC /* AppDelegate.m */,
				CED3D4391A7DC44F002F7FDC /* Supporting Files */,
			);
			path = "Weird Retro";
			sourceTree = "<group>";
		};
		CED3D4391A7DC44F002F7FDC /* Supporting Files */ = {
			isa = PBXGroup;
			children = (
				CED3D43A1A7DC44F002F7FDC /* Info.plist */,
				CED3D43B1A7DC44F002F7FDC /* main.m */,
			);
			name = "Supporting Files";
			sourceTree = "<group>";
		};
		CED3D4521A7DC44F002F7FDC /* Weird RetroTests */ = {
			isa = PBXGroup;
			children = (
				CED3D4551A7DC44F002F7FDC /* Weird_RetroTests.m */,
				CED3D4531A7DC44F002F7FDC /* Supporting Files */,
			);
			path = "Weird RetroTests";
			sourceTree = "<group>";
		};
		CED3D4531A7DC44F002F7FDC /* Supporting Files */ = {
			isa = PBXGroup;
			children = (
				CED3D4541A7DC44F002F7FDC /* Info.plist */,
			);
			name = "Supporting Files";
			sourceTree = "<group>";
		};
/* End PBXGroup section */

/* Begin PBXNativeTarget section */
		CED3D4351A7DC44F002F7FDC /* Weird Retro */ = {
			isa = PBXNativeTarget;
			buildConfigurationList = CED3D4591A7DC44F002F7FDC /* Build configuration list for PBXNativeTarget "Weird Retro" */;
			buildPhases = (
				BC36C6C3C68FCAC2D1779843 /* Check Pods Manifest.lock */,
				CED3D4321A7DC44F002F7FDC /* Sources */,
				CED3D4331A7DC44F002F7FDC /* Frameworks */,
				CED3D4341A7DC44F002F7FDC /* Resources */,
				62B9AB1A1924841661D0E13D /* Copy Pods Resources */,
			);
			buildRules = (
			);
			dependencies = (
			);
			name = "Weird Retro";
			productName = "Weird Retro";
			productReference = CED3D4361A7DC44F002F7FDC /* Weird Retro.app */;
			productType = "com.apple.product-type.application";
		};
		CED3D44E1A7DC44F002F7FDC /* Weird RetroTests */ = {
			isa = PBXNativeTarget;
			buildConfigurationList = CED3D45C1A7DC44F002F7FDC /* Build configuration list for PBXNativeTarget "Weird RetroTests" */;
			buildPhases = (
				CED3D44B1A7DC44F002F7FDC /* Sources */,
				CED3D44C1A7DC44F002F7FDC /* Frameworks */,
				CED3D44D1A7DC44F002F7FDC /* Resources */,
			);
			buildRules = (
			);
			dependencies = (
				CED3D4511A7DC44F002F7FDC /* PBXTargetDependency */,
			);
			name = "Weird RetroTests";
			productName = "Weird RetroTests";
			productReference = CED3D44F1A7DC44F002F7FDC /* Weird RetroTests.xctest */;
			productType = "com.apple.product-type.bundle.unit-test";
		};
/* End PBXNativeTarget section */

/* Begin PBXProject section */
		CED3D42E1A7DC44F002F7FDC /* Project object */ = {
			isa = PBXProject;
			attributes = {
				LastUpgradeCheck = 0610;
				ORGANIZATIONNAME = "Alex Dougas";
				TargetAttributes = {
					CED3D4351A7DC44F002F7FDC = {
						CreatedOnToolsVersion = 6.1.1;
					};
					CED3D44E1A7DC44F002F7FDC = {
						CreatedOnToolsVersion = 6.1.1;
						TestTargetID = CED3D4351A7DC44F002F7FDC;
					};
				};
			};
			buildConfigurationList = CED3D4311A7DC44F002F7FDC /* Build configuration list for PBXProject "Weird Retro" */;
			compatibilityVersion = "Xcode 3.2";
			developmentRegion = English;
			hasScannedForEncodings = 0;
			knownRegions = (
				en,
				Base,
			);
			mainGroup = CED3D42D1A7DC44F002F7FDC;
			productRefGroup = CED3D4371A7DC44F002F7FDC /* Products */;
			projectDirPath = "";
			projectRoot = "";
			targets = (
				CED3D4351A7DC44F002F7FDC /* Weird Retro */,
				CED3D44E1A7DC44F002F7FDC /* Weird RetroTests */,
			);
		};
/* End PBXProject section */

/* Begin PBXResourcesBuildPhase section */
		CED3D4341A7DC44F002F7FDC /* Resources */ = {
			isa = PBXResourcesBuildPhase;
			buildActionMask = 2147483647;
			files = (
				CE068A071A873A5B00D69CFC /* Lato-HeavyItalic.ttf in Resources */,
				CE068A0B1A873A5B00D69CFC /* Lato-Medium.ttf in Resources */,
				CE068A0E1A873A5B00D69CFC /* Lato-Semibold.ttf in Resources */,
				CE068A081A873A5B00D69CFC /* Lato-Italic.ttf in Resources */,
				CE0689FF1A873A5B00D69CFC /* Komika Axis.ttf in Resources */,
				CE068A0C1A873A5B00D69CFC /* Lato-MediumItalic.ttf in Resources */,
				CE068A131A873A5B00D69CFC /* README.txt in Resources */,
				CE068A1B1A873A7C00D69CFC /* japanese.html in Resources */,
				CE068A091A873A5B00D69CFC /* Lato-Light.ttf in Resources */,
				CE068A111A873A5B00D69CFC /* Lato-ThinItalic.ttf in Resources */,
				CE068A061A873A5B00D69CFC /* Lato-Heavy.ttf in Resources */,
				CE068A021A873A5B00D69CFC /* Lato-Bold.ttf in Resources */,
				CE068A1A1A873A7C00D69CFC /* fantomash.html in Resources */,
				CED3D4451A7DC44F002F7FDC /* Main.storyboard in Resources */,
				CE068A1D1A873A7C00D69CFC /* superhero.html in Resources */,
				CE068A031A873A5B00D69CFC /* Lato-BoldItalic.ttf in Resources */,
				CE068A011A873A5B00D69CFC /* Lato-BlackItalic.ttf in Resources */,
				CE068A041A873A5B00D69CFC /* Lato-Hairline.ttf in Resources */,
				CE068A0F1A873A5B00D69CFC /* Lato-SemiboldItalic.ttf in Resources */,
				CE068A121A873A5B00D69CFC /* OFL.txt in Resources */,
				CE0689E81A873A3B00D69CFC /* vintage-tan-paper-texture.jpg in Resources */,
				CE0689E71A873A3B00D69CFC /* logo.png in Resources */,
				CED3D44A1A7DC44F002F7FDC /* LaunchScreen.xib in Resources */,
				CE0689E61A873A3B00D69CFC /* bg.png in Resources */,
				CE068A101A873A5B00D69CFC /* Lato-Thin.ttf in Resources */,
				CE068A051A873A5B00D69CFC /* Lato-HairlineItalic.ttf in Resources */,
				CE068A0A1A873A5B00D69CFC /* Lato-LightItalic.ttf in Resources */,
				CE068A001A873A5B00D69CFC /* Lato-Black.ttf in Resources */,
				CE068A191A873A7C00D69CFC /* blogpage.html in Resources */,
				CE068A0D1A873A5B00D69CFC /* Lato-Regular.ttf in Resources */,
				CED3D4471A7DC44F002F7FDC /* Images.xcassets in Resources */,
				CE068A1C1A873A7C00D69CFC /* memory.html in Resources */,
			);
			runOnlyForDeploymentPostprocessing = 0;
		};
		CED3D44D1A7DC44F002F7FDC /* Resources */ = {
			isa = PBXResourcesBuildPhase;
			buildActionMask = 2147483647;
			files = (
			);
			runOnlyForDeploymentPostprocessing = 0;
		};
/* End PBXResourcesBuildPhase section */

/* Begin PBXShellScriptBuildPhase section */
		62B9AB1A1924841661D0E13D /* Copy Pods Resources */ = {
			isa = PBXShellScriptBuildPhase;
			buildActionMask = 2147483647;
			files = (
			);
			inputPaths = (
			);
			name = "Copy Pods Resources";
			outputPaths = (
			);
			runOnlyForDeploymentPostprocessing = 0;
			shellPath = /bin/sh;
			shellScript = "\"${SRCROOT}/Pods/Target Support Files/Pods/Pods-resources.sh\"\n";
			showEnvVarsInLog = 0;
		};
		BC36C6C3C68FCAC2D1779843 /* Check Pods Manifest.lock */ = {
			isa = PBXShellScriptBuildPhase;
			buildActionMask = 2147483647;
			files = (
			);
			inputPaths = (
			);
			name = "Check Pods Manifest.lock";
			outputPaths = (
			);
			runOnlyForDeploymentPostprocessing = 0;
			shellPath = /bin/sh;
			shellScript = "diff \"${PODS_ROOT}/../Podfile.lock\" \"${PODS_ROOT}/Manifest.lock\" > /dev/null\nif [[ $? != 0 ]] ; then\n    cat << EOM\nerror: The sandbox is not in sync with the Podfile.lock. Run 'pod install' or update your CocoaPods installation.\nEOM\n    exit 1\nfi\n";
			showEnvVarsInLog = 0;
		};
/* End PBXShellScriptBuildPhase section */

/* Begin PBXSourcesBuildPhase section */
		CED3D4321A7DC44F002F7FDC /* Sources */ = {
			isa = PBXSourcesBuildPhase;
			buildActionMask = 2147483647;
			files = (
				CE4D68431A80858F00CD948A /* HTMLConvertOperation.m in Sources */,
				CE212EFF1A833F5E007EFD6E /* CaptainsBlogViewController.m in Sources */,
				CE345AEA1A8547E6002B0747 /* RootTableTableViewController.m in Sources */,
				CE345AED1A85C54D002B0747 /* Section.m in Sources */,
				CE4D684A1A80E9AA00CD948A /* DataManager.m in Sources */,
				CE345ADB1A8539B2002B0747 /* BlogPost.m in Sources */,
				CE212EFC1A833C9A007EFD6E /* RootViewController.m in Sources */,
				CE4D684D1A80F2B600CD948A /* EscapePodsViewController.m in Sources */,
				CE22825C1A8222AB00B91271 /* MenuViewController.m in Sources */,
				CE345AE71A8546E9002B0747 /* ContactViewController.m in Sources */,
				CE0BEFDE1A84850B00207752 /* WeirdRetro.xcdatamodeld in Sources */,
				CE4D68401A807D6600CD948A /* HTMLConverter.m in Sources */,
				CE212F071A835756007EFD6E /* WRPage.m in Sources */,
				CED3D43F1A7DC44F002F7FDC /* AppDelegate.m in Sources */,
				CE345AF01A85C577002B0747 /* Post.m in Sources */,
				CE20EDB31A8137060029584F /* PostViewController.m in Sources */,
				CE21B8191A807084006B7F8D /* NetworkWorker.m in Sources */,
				CE4D68501A80F39E00CD948A /* EscapePodsTableViewCell.m in Sources */,
				CE0BEFD51A847E5200207752 /* BlogPostTableViewCell.m in Sources */,
				CE22825F1A82249B00B91271 /* MEZoomAnimationController.m in Sources */,
				CED3D43C1A7DC44F002F7FDC /* main.m in Sources */,
				CE345AE41A8546B2002B0747 /* SuppliesViewController.m in Sources */,
			);
			runOnlyForDeploymentPostprocessing = 0;
		};
		CED3D44B1A7DC44F002F7FDC /* Sources */ = {
			isa = PBXSourcesBuildPhase;
			buildActionMask = 2147483647;
			files = (
				CED3D4561A7DC44F002F7FDC /* Weird_RetroTests.m in Sources */,
			);
			runOnlyForDeploymentPostprocessing = 0;
		};
/* End PBXSourcesBuildPhase section */

/* Begin PBXTargetDependency section */
		CED3D4511A7DC44F002F7FDC /* PBXTargetDependency */ = {
			isa = PBXTargetDependency;
			target = CED3D4351A7DC44F002F7FDC /* Weird Retro */;
			targetProxy = CED3D4501A7DC44F002F7FDC /* PBXContainerItemProxy */;
		};
/* End PBXTargetDependency section */

/* Begin PBXVariantGroup section */
		CED3D4431A7DC44F002F7FDC /* Main.storyboard */ = {
			isa = PBXVariantGroup;
			children = (
				CED3D4441A7DC44F002F7FDC /* Base */,
			);
			name = Main.storyboard;
			sourceTree = "<group>";
		};
		CED3D4481A7DC44F002F7FDC /* LaunchScreen.xib */ = {
			isa = PBXVariantGroup;
			children = (
				CED3D4491A7DC44F002F7FDC /* Base */,
			);
			name = LaunchScreen.xib;
			sourceTree = "<group>";
		};
/* End PBXVariantGroup section */

/* Begin XCBuildConfiguration section */
		CED3D4571A7DC44F002F7FDC /* Debug */ = {
			isa = XCBuildConfiguration;
			buildSettings = {
				ALWAYS_SEARCH_USER_PATHS = NO;
				CLANG_CXX_LANGUAGE_STANDARD = "gnu++0x";
				CLANG_CXX_LIBRARY = "libc++";
				CLANG_ENABLE_MODULES = YES;
				CLANG_ENABLE_OBJC_ARC = YES;
				CLANG_WARN_BOOL_CONVERSION = YES;
				CLANG_WARN_CONSTANT_CONVERSION = YES;
				CLANG_WARN_DIRECT_OBJC_ISA_USAGE = YES_ERROR;
				CLANG_WARN_EMPTY_BODY = YES;
				CLANG_WARN_ENUM_CONVERSION = YES;
				CLANG_WARN_INT_CONVERSION = YES;
				CLANG_WARN_OBJC_ROOT_CLASS = YES_ERROR;
				CLANG_WARN_UNREACHABLE_CODE = YES;
				CLANG_WARN__DUPLICATE_METHOD_MATCH = YES;
				"CODE_SIGN_IDENTITY[sdk=iphoneos*]" = "iPhone Developer";
				COPY_PHASE_STRIP = NO;
				ENABLE_STRICT_OBJC_MSGSEND = YES;
				GCC_C_LANGUAGE_STANDARD = gnu99;
				GCC_DYNAMIC_NO_PIC = NO;
				GCC_OPTIMIZATION_LEVEL = 0;
				GCC_PREPROCESSOR_DEFINITIONS = (
					"DEBUG=1",
					"$(inherited)",
				);
				GCC_SYMBOLS_PRIVATE_EXTERN = NO;
				GCC_WARN_64_TO_32_BIT_CONVERSION = YES;
				GCC_WARN_ABOUT_RETURN_TYPE = YES_ERROR;
				GCC_WARN_UNDECLARED_SELECTOR = YES;
				GCC_WARN_UNINITIALIZED_AUTOS = YES_AGGRESSIVE;
				GCC_WARN_UNUSED_FUNCTION = YES;
				GCC_WARN_UNUSED_VARIABLE = YES;
				IPHONEOS_DEPLOYMENT_TARGET = 8.1;
				MTL_ENABLE_DEBUG_INFO = YES;
				ONLY_ACTIVE_ARCH = YES;
				SDKROOT = iphoneos;
			};
			name = Debug;
		};
		CED3D4581A7DC44F002F7FDC /* Release */ = {
			isa = XCBuildConfiguration;
			buildSettings = {
				ALWAYS_SEARCH_USER_PATHS = NO;
				CLANG_CXX_LANGUAGE_STANDARD = "gnu++0x";
				CLANG_CXX_LIBRARY = "libc++";
				CLANG_ENABLE_MODULES = YES;
				CLANG_ENABLE_OBJC_ARC = YES;
				CLANG_WARN_BOOL_CONVERSION = YES;
				CLANG_WARN_CONSTANT_CONVERSION = YES;
				CLANG_WARN_DIRECT_OBJC_ISA_USAGE = YES_ERROR;
				CLANG_WARN_EMPTY_BODY = YES;
				CLANG_WARN_ENUM_CONVERSION = YES;
				CLANG_WARN_INT_CONVERSION = YES;
				CLANG_WARN_OBJC_ROOT_CLASS = YES_ERROR;
				CLANG_WARN_UNREACHABLE_CODE = YES;
				CLANG_WARN__DUPLICATE_METHOD_MATCH = YES;
				"CODE_SIGN_IDENTITY[sdk=iphoneos*]" = "iPhone Developer";
				COPY_PHASE_STRIP = YES;
				ENABLE_NS_ASSERTIONS = NO;
				ENABLE_STRICT_OBJC_MSGSEND = YES;
				GCC_C_LANGUAGE_STANDARD = gnu99;
				GCC_WARN_64_TO_32_BIT_CONVERSION = YES;
				GCC_WARN_ABOUT_RETURN_TYPE = YES_ERROR;
				GCC_WARN_UNDECLARED_SELECTOR = YES;
				GCC_WARN_UNINITIALIZED_AUTOS = YES_AGGRESSIVE;
				GCC_WARN_UNUSED_FUNCTION = YES;
				GCC_WARN_UNUSED_VARIABLE = YES;
				IPHONEOS_DEPLOYMENT_TARGET = 8.1;
				MTL_ENABLE_DEBUG_INFO = NO;
				SDKROOT = iphoneos;
				VALIDATE_PRODUCT = YES;
			};
			name = Release;
		};
		CED3D45A1A7DC44F002F7FDC /* Debug */ = {
			isa = XCBuildConfiguration;
			baseConfigurationReference = E224A6AEAF271396FFA97523 /* Pods.debug.xcconfig */;
			buildSettings = {
				ASSETCATALOG_COMPILER_APPICON_NAME = AppIcon;
				ASSETCATALOG_COMPILER_LAUNCHIMAGE_NAME = LaunchImage;
				CODE_SIGN_IDENTITY = "iPhone Developer: Alex Dougas (M78J8J9R8Y)";
				INFOPLIST_FILE = "Weird Retro/Info.plist";
				IPHONEOS_DEPLOYMENT_TARGET = 7.0;
				LD_RUNPATH_SEARCH_PATHS = "$(inherited) @executable_path/Frameworks";
				PRODUCT_NAME = "$(TARGET_NAME)";
				PROVISIONING_PROFILE = "F545208B-3157-4E55-A148-C6E0B0210457";
			};
			name = Debug;
		};
		CED3D45B1A7DC44F002F7FDC /* Release */ = {
			isa = XCBuildConfiguration;
			baseConfigurationReference = F8BF5B3D00D2BA9030603FAD /* Pods.release.xcconfig */;
			buildSettings = {
				ASSETCATALOG_COMPILER_APPICON_NAME = AppIcon;
				ASSETCATALOG_COMPILER_LAUNCHIMAGE_NAME = LaunchImage;
				CODE_SIGN_IDENTITY = "iPhone Developer: Alex Dougas (M78J8J9R8Y)";
				INFOPLIST_FILE = "Weird Retro/Info.plist";
				IPHONEOS_DEPLOYMENT_TARGET = 7.0;
				LD_RUNPATH_SEARCH_PATHS = "$(inherited) @executable_path/Frameworks";
				PRODUCT_NAME = "$(TARGET_NAME)";
				PROVISIONING_PROFILE = "F545208B-3157-4E55-A148-C6E0B0210457";
			};
			name = Release;
		};
		CED3D45D1A7DC44F002F7FDC /* Debug */ = {
			isa = XCBuildConfiguration;
			buildSettings = {
				BUNDLE_LOADER = "$(TEST_HOST)";
				FRAMEWORK_SEARCH_PATHS = (
					"$(SDKROOT)/Developer/Library/Frameworks",
					"$(inherited)",
				);
				GCC_PREPROCESSOR_DEFINITIONS = (
					"DEBUG=1",
					"$(inherited)",
				);
				INFOPLIST_FILE = "Weird RetroTests/Info.plist";
				LD_RUNPATH_SEARCH_PATHS = "$(inherited) @executable_path/Frameworks @loader_path/Frameworks";
				PRODUCT_NAME = "$(TARGET_NAME)";
				TEST_HOST = "$(BUILT_PRODUCTS_DIR)/Weird Retro.app/Weird Retro";
			};
			name = Debug;
		};
		CED3D45E1A7DC44F002F7FDC /* Release */ = {
			isa = XCBuildConfiguration;
			buildSettings = {
				BUNDLE_LOADER = "$(TEST_HOST)";
				FRAMEWORK_SEARCH_PATHS = (
					"$(SDKROOT)/Developer/Library/Frameworks",
					"$(inherited)",
				);
				INFOPLIST_FILE = "Weird RetroTests/Info.plist";
				LD_RUNPATH_SEARCH_PATHS = "$(inherited) @executable_path/Frameworks @loader_path/Frameworks";
				PRODUCT_NAME = "$(TARGET_NAME)";
				TEST_HOST = "$(BUILT_PRODUCTS_DIR)/Weird Retro.app/Weird Retro";
			};
			name = Release;
		};
/* End XCBuildConfiguration section */

/* Begin XCConfigurationList section */
		CED3D4311A7DC44F002F7FDC /* Build configuration list for PBXProject "Weird Retro" */ = {
			isa = XCConfigurationList;
			buildConfigurations = (
				CED3D4571A7DC44F002F7FDC /* Debug */,
				CED3D4581A7DC44F002F7FDC /* Release */,
			);
			defaultConfigurationIsVisible = 0;
			defaultConfigurationName = Release;
		};
		CED3D4591A7DC44F002F7FDC /* Build configuration list for PBXNativeTarget "Weird Retro" */ = {
			isa = XCConfigurationList;
			buildConfigurations = (
				CED3D45A1A7DC44F002F7FDC /* Debug */,
				CED3D45B1A7DC44F002F7FDC /* Release */,
			);
			defaultConfigurationIsVisible = 0;
			defaultConfigurationName = Release;
		};
		CED3D45C1A7DC44F002F7FDC /* Build configuration list for PBXNativeTarget "Weird RetroTests" */ = {
			isa = XCConfigurationList;
			buildConfigurations = (
				CED3D45D1A7DC44F002F7FDC /* Debug */,
				CED3D45E1A7DC44F002F7FDC /* Release */,
			);
			defaultConfigurationIsVisible = 0;
			defaultConfigurationName = Release;
		};
/* End XCConfigurationList section */

/* Begin XCVersionGroup section */
		CE0BEFDC1A84850B00207752 /* WeirdRetro.xcdatamodeld */ = {
			isa = XCVersionGroup;
			children = (
				CE0BEFDD1A84850B00207752 /* WeirdRetro.xcdatamodel */,
			);
			currentVersion = CE0BEFDD1A84850B00207752 /* WeirdRetro.xcdatamodel */;
			path = WeirdRetro.xcdatamodeld;
			sourceTree = "<group>";
			versionGroupType = wrapper.xcdatamodel;
		};
/* End XCVersionGroup section */
	};
	rootObject = CED3D42E1A7DC44F002F7FDC /* Project object */;
}
